
Microsoft Visual Studio Solution File, Format Version 12.00
# Visual Studio Version 16
VisualStudioVersion = 16.0.30907.101
MinimumVisualStudioVersion = 10.0.40219.1
Project("{FAE04EC0-301F-11D3-BF4B-00C04F79EFBC}") = "Property Management API", "Property Management API.csproj", "{D110E98B-D597-434A-AFDF-5EB02FD58358}"
EndProject
Global
	GlobalSection(SolutionConfigurationPlatforms) = preSolution
		Debug|Any CPU = Debug|Any CPU
		Release|Any CPU = Release|Any CPU
	EndGlobalSection
	GlobalSection(ProjectConfigurationPlatforms) = postSolution
		{D110E98B-D597-434A-AFDF-5EB02FD58358}.Debug|Any CPU.ActiveCfg = Debug|Any CPU
		{D110E98B-D597-434A-AFDF-5EB02FD58358}.Debug|Any CPU.Build.0 = Debug|Any CPU
		{D110E98B-D597-434A-AFDF-5EB02FD58358}.Release|Any CPU.ActiveCfg = Release|Any CPU
		{D110E98B-D597-434A-AFDF-5EB02FD58358}.Release|Any CPU.Build.0 = Release|Any CPU
	EndGlobalSection
	GlobalSection(SolutionProperties) = preSolution
		HideSolutionNode = FALSE
	EndGlobalSection
	GlobalSection(ExtensibilityGlobals) = postSolution
		SolutionGuid = {52B59298-8AF8-4691-AAB5-C15A6B5E75CE}
	EndGlobalSection
EndGlobal
